PODS:
  - JJLISO8601DateFormatter (0.1.2)
  - ZippyJSON (0.0.5):
    - JJLISO8601DateFormatter (~> 0.1.2)
    - ZippyJSONCFamily (~> 0.0.2)
  - ZippyJSONCFamily (0.0.2)

DEPENDENCIES:
  - ZippyJSON

SPEC REPOS:
  trunk:
    - JJLISO8601DateFormatter
    - ZippyJSON
    - ZippyJSONCFamily

SPEC CHECKSUMS:
  JJLISO8601DateFormatter: 06a216365f6c8b0ec33a6ce3750d496f048efb32
  ZippyJSON: d7e50fa59732258fc9ca29c20cab8ca8d8f5ab64
  ZippyJSONCFamily: 7cb977c1ba6bffb30bd6b0467dc876851ab2a7c1

PODFILE CHECKSUM: ddb970eb2430b9e559be8134a990d5c5dc3c940c

COCOAPODS: 1.8.4
